
Microsoft Visual Studio Solution File, Format Version 12.00
# Visual Studio Version 17
VisualStudioVersion = 17.2.32616.157
MinimumVisualStudioVersion = 10.0.40219.1
Project("{FAE04EC0-301F-11D3-BF4B-00C04F79EFBC}") = "intro to web", "intro to web\intro to web.csproj", "{00AAD675-F7CF-43B0-811A-563B50428ACF}"
EndProject
Global
	GlobalSection(SolutionConfigurationPlatforms) = preSolution
		Debug|Any CPU = Debug|Any CPU
		Release|Any CPU = Release|Any CPU
	EndGlobalSection
	GlobalSection(ProjectConfigurationPlatforms) = postSolution
		{00AAD675-F7CF-43B0-811A-563B50428ACF}.Debug|Any CPU.ActiveCfg = Debug|Any CPU
		{00AAD675-F7CF-43B0-811A-563B50428ACF}.Debug|Any CPU.Build.0 = Debug|Any CPU
		{00AAD675-F7CF-43B0-811A-563B50428ACF}.Release|Any CPU.ActiveCfg = Release|Any CPU
		{00AAD675-F7CF-43B0-811A-563B50428ACF}.Release|Any CPU.Build.0 = Release|Any CPU
	EndGlobalSection
	GlobalSection(SolutionProperties) = preSolution
		HideSolutionNode = FALSE
	EndGlobalSection
	GlobalSection(ExtensibilityGlobals) = postSolution
		SolutionGuid = {FC2B7962-73BD-465D-BA7E-6FB0FEF19FD2}
	EndGlobalSection
EndGlobal
